
Microsoft Visual Studio Solution File, Format Version 12.00
# Visual Studio Version 17
VisualStudioVersion = 17.1.32228.430
MinimumVisualStudioVersion = 10.0.40219.1
Project("{911E67C6-3D85-4FCE-B560-20A9C3E3FF48}") = "sfw-demo", "sfw-demo.exe", "{603DDDE0-B257-4A5A-B7A0-F1E2911883DB}"
	ProjectSection(DebuggerProjectSystem) = preProject
		PortSupplier = 00000000-0000-0000-0000-000000000000
		Executable = C:\sz\prj\Out_of_Nothing\extern\sfw\sfw-demo.exe
		RemoteMachine = TOSHIBA1
		StartingDirectory = C:\sz\prj\Out_of_Nothing\extern\sfw
		Environment = Default
		LaunchingEngine = 00000000-0000-0000-0000-000000000000
		UseLegacyDebugEngines = No
		LaunchSQLEngine = No
		AttachLaunchAction = No
		IORedirection = Auto
	EndProjectSection
EndProject
Global
	GlobalSection(SolutionConfigurationPlatforms) = preSolution
		Release|x64 = Release|x64
	EndGlobalSection
	GlobalSection(ProjectConfigurationPlatforms) = postSolution
		{603DDDE0-B257-4A5A-B7A0-F1E2911883DB}.Release|x64.ActiveCfg = Release|x64
	EndGlobalSection
	GlobalSection(SolutionProperties) = preSolution
		HideSolutionNode = FALSE
	EndGlobalSection
	GlobalSection(ExtensibilityGlobals) = postSolution
		SolutionGuid = {DC488E6C-9F3D-4C7E-9B17-FA40B96AC5FD}
	EndGlobalSection
EndGlobal
